
Microsoft Visual Studio Solution File, Format Version 12.00
# Visual Studio Version 17
VisualStudioVersion = 17.0.32112.339
MinimumVisualStudioVersion = 10.0.40219.1
Project("{FAE04EC0-301F-11D3-BF4B-00C04F79EFBC}") = "CartWall", "CartWall\CartWall.csproj", "{5B5060CF-F256-4004-83A7-1D839BCA28D6}"
EndProject
Global
	GlobalSection(SolutionConfigurationPlatforms) = preSolution
		Debug|Any CPU = Debug|Any CPU
		Release|Any CPU = Release|Any CPU
	EndGlobalSection
	GlobalSection(ProjectConfigurationPlatforms) = postSolution
		{5B5060CF-F256-4004-83A7-1D839BCA28D6}.Debug|Any CPU.ActiveCfg = Debug|Any CPU
		{5B5060CF-F256-4004-83A7-1D839BCA28D6}.Debug|Any CPU.Build.0 = Debug|Any CPU
		{5B5060CF-F256-4004-83A7-1D839BCA28D6}.Release|Any CPU.ActiveCfg = Release|Any CPU
		{5B5060CF-F256-4004-83A7-1D839BCA28D6}.Release|Any CPU.Build.0 = Release|Any CPU
	EndGlobalSection
	GlobalSection(SolutionProperties) = preSolution
		HideSolutionNode = FALSE
	EndGlobalSection
	GlobalSection(ExtensibilityGlobals) = postSolution
		SolutionGuid = {7A744B7C-1911-47A2-B563-E8A4429EEFDA}
	EndGlobalSection
EndGlobal
